
Microsoft Visual Studio Solution File, Format Version 12.00
# Visual Studio Version 17
VisualStudioVersion = 17.14.36518.9
MinimumVisualStudioVersion = 10.0.40219.1
Project("{FAE04EC0-301F-11D3-BF4B-00C04F79EFBC}") = "DAL", "DAL.csproj", "{89D7251B-554A-49AF-A1C4-C93A5AB0F55B}"
EndProject
Project("{FAE04EC0-301F-11D3-BF4B-00C04F79EFBC}") = "BLL", "..\BLL\BLL.csproj", "{209AFC2D-1B70-4A78-B85B-EED865B4D581}"
EndProject
Project("{FAE04EC0-301F-11D3-BF4B-00C04F79EFBC}") = "PL", "..\PL\PL.csproj", "{F6BEF56F-14B4-44C0-81C5-3A539E8E8546}"
EndProject
Global
	GlobalSection(SolutionConfigurationPlatforms) = preSolution
		Debug|Any CPU = Debug|Any CPU
		Release|Any CPU = Release|Any CPU
	EndGlobalSection
	GlobalSection(ProjectConfigurationPlatforms) = postSolution
		{89D7251B-554A-49AF-A1C4-C93A5AB0F55B}.Debug|Any CPU.ActiveCfg = Debug|Any CPU
		{89D7251B-554A-49AF-A1C4-C93A5AB0F55B}.Debug|Any CPU.Build.0 = Debug|Any CPU
		{89D7251B-554A-49AF-A1C4-C93A5AB0F55B}.Release|Any CPU.ActiveCfg = Release|Any CPU
		{89D7251B-554A-49AF-A1C4-C93A5AB0F55B}.Release|Any CPU.Build.0 = Release|Any CPU
		{209AFC2D-1B70-4A78-B85B-EED865B4D581}.Debug|Any CPU.ActiveCfg = Debug|Any CPU
		{209AFC2D-1B70-4A78-B85B-EED865B4D581}.Debug|Any CPU.Build.0 = Debug|Any CPU
		{209AFC2D-1B70-4A78-B85B-EED865B4D581}.Release|Any CPU.ActiveCfg = Release|Any CPU
		{209AFC2D-1B70-4A78-B85B-EED865B4D581}.Release|Any CPU.Build.0 = Release|Any CPU
		{F6BEF56F-14B4-44C0-81C5-3A539E8E8546}.Debug|Any CPU.ActiveCfg = Debug|Any CPU
		{F6BEF56F-14B4-44C0-81C5-3A539E8E8546}.Debug|Any CPU.Build.0 = Debug|Any CPU
		{F6BEF56F-14B4-44C0-81C5-3A539E8E8546}.Release|Any CPU.ActiveCfg = Release|Any CPU
		{F6BEF56F-14B4-44C0-81C5-3A539E8E8546}.Release|Any CPU.Build.0 = Release|Any CPU
	EndGlobalSection
	GlobalSection(SolutionProperties) = preSolution
		HideSolutionNode = FALSE
	EndGlobalSection
	GlobalSection(ExtensibilityGlobals) = postSolution
		SolutionGuid = {6CA92CB3-BA3E-4A4D-AA5C-3A16464E49D1}
	EndGlobalSection
EndGlobal
